// !$*UTF8*$!
{
	archiveVersion = 1;
	classes = {
	};
	objectVersion = 55;
	objects = {

/* Begin PBXBuildFile section */
		040E436829D4495300E1AAC8 /* FlgMaViewVC.swift in Sources */ = {isa = PBXBuildFile; fileRef = 040E436729D4495300E1AAC8 /* FlgMaViewVC.swift */; };
		041B477829D5A50900FC8062 /* AnswerVC.swift in Sources */ = {isa = PBXBuildFile; fileRef = 041B477729D5A50800FC8062 /* AnswerVC.swift */; };
		044DAFC029DB20E4005AADB6 /* InventaryDetailVC.swift in Sources */ = {isa = PBXBuildFile; fileRef = 044DAFBF29DB20E4005AADB6 /* InventaryDetailVC.swift */; };
		047A347829D41FED00DA43E3 /* InstructionVC.swift in Sources */ = {isa = PBXBuildFile; fileRef = 047A347729D41FED00DA43E3 /* InstructionVC.swift */; };
		047A347A29D4201C00DA43E3 /* VideoPlayerVC.swift in Sources */ = {isa = PBXBuildFile; fileRef = 047A347929D4201C00DA43E3 /* VideoPlayerVC.swift */; };
		047A347C29D4298800DA43E3 /* MainInstructionVC.swift in Sources */ = {isa = PBXBuildFile; fileRef = 047A347B29D4298800DA43E3 /* MainInstructionVC.swift */; };
		0484CF0129D71C9C00BDF003 /* InventorylistVC.swift in Sources */ = {isa = PBXBuildFile; fileRef = 0484CF0029D71C9C00BDF003 /* InventorylistVC.swift */; };
		0484CF0329D71D0E00BDF003 /* FinalPuzzleVC.swift in Sources */ = {isa = PBXBuildFile; fileRef = 0484CF0229D71D0E00BDF003 /* FinalPuzzleVC.swift */; };
		049F602829CF12CA00E0D073 /* HomeVC.swift in Sources */ = {isa = PBXBuildFile; fileRef = 049F602729CF12CA00E0D073 /* HomeVC.swift */; };
		04A27D8429D5CF6800B190A5 /* HIntAnswerVC.swift in Sources */ = {isa = PBXBuildFile; fileRef = 04A27D8329D5CF6800B190A5 /* HIntAnswerVC.swift */; };
		04A490AE29D2BEEC002E8D58 /* ProfileVC.swift in Sources */ = {isa = PBXBuildFile; fileRef = 04A490AD29D2BEEC002E8D58 /* ProfileVC.swift */; };
		04A490B029D2BF03002E8D58 /* ChangePassVC.swift in Sources */ = {isa = PBXBuildFile; fileRef = 04A490AF29D2BF03002E8D58 /* ChangePassVC.swift */; };
		04A490B229D2BF1A002E8D58 /* ContactVC.swift in Sources */ = {isa = PBXBuildFile; fileRef = 04A490B129D2BF1A002E8D58 /* ContactVC.swift */; };
		04A490B429D2FBE9002E8D58 /* CreateTeamVC.swift in Sources */ = {isa = PBXBuildFile; fileRef = 04A490B329D2FBE9002E8D58 /* CreateTeamVC.swift */; };
		04BF5F1E29CECBF400002970 /* Main.storyboard in Resources */ = {isa = PBXBuildFile; fileRef = 04BF5F1C29CECBF400002970 /* Main.storyboard */; };
		04BF5F2029CECBF800002970 /* Assets.xcassets in Resources */ = {isa = PBXBuildFile; fileRef = 04BF5F1F29CECBF800002970 /* Assets.xcassets */; };
		04BF5F2329CECBF800002970 /* LaunchScreen.storyboard in Resources */ = {isa = PBXBuildFile; fileRef = 04BF5F2129CECBF800002970 /* LaunchScreen.storyboard */; };
		04BF5FA729CEE4B000002970 /* View.swift in Sources */ = {isa = PBXBuildFile; fileRef = 04BF5F2D29CEE4AF00002970 /* View.swift */; };
		04BF5FA829CEE4B000002970 /* ViewControllerExt.swift in Sources */ = {isa = PBXBuildFile; fileRef = 04BF5F2E29CEE4AF00002970 /* ViewControllerExt.swift */; };
		04BF5FA929CEE4B000002970 /* Extensions.swift in Sources */ = {isa = PBXBuildFile; fileRef = 04BF5F2F29CEE4AF00002970 /* Extensions.swift */; };
		04BF5FAA29CEE4B000002970 /* Button.swift in Sources */ = {isa = PBXBuildFile; fileRef = 04BF5F3029CEE4AF00002970 /* Button.swift */; };
		04BF5FAB29CEE4B000002970 /* Reachability.m in Sources */ = {isa = PBXBuildFile; fileRef = 04BF5F3329CEE4AF00002970 /* Reachability.m */; };
		04BF5FDB29CEE4B000002970 /* Messages.swift in Sources */ = {isa = PBXBuildFile; fileRef = 04BF5F6D29CEE4AF00002970 /* Messages.swift */; };
		04BF5FDC29CEE4B000002970 /* GlobalConstant.swift in Sources */ = {isa = PBXBuildFile; fileRef = 04BF5F6E29CEE4AF00002970 /* GlobalConstant.swift */; };
		04BF5FDD29CEE4B000002970 /* CustomPointAnnotation.swift in Sources */ = {isa = PBXBuildFile; fileRef = 04BF5F6F29CEE4AF00002970 /* CustomPointAnnotation.swift */; };
		04BF5FDE29CEE4B000002970 /* Router.swift in Sources */ = {isa = PBXBuildFile; fileRef = 04BF5F7029CEE4AF00002970 /* Router.swift */; };
		04BF5FDF29CEE4B000002970 /* CloseButton.swift in Sources */ = {isa = PBXBuildFile; fileRef = 04BF5F7329CEE4B000002970 /* CloseButton.swift */; };
		04BF5FE029CEE4B000002970 /* TagView.swift in Sources */ = {isa = PBXBuildFile; fileRef = 04BF5F7429CEE4B000002970 /* TagView.swift */; };
		04BF5FE129CEE4B000002970 /* TagListView.swift in Sources */ = {isa = PBXBuildFile; fileRef = 04BF5F7529CEE4B000002970 /* TagListView.swift */; };
		04BF5FE229CEE4B000002970 /* Countries.swift in Sources */ = {isa = PBXBuildFile; fileRef = 04BF5F7729CEE4B000002970 /* Countries.swift */; };
		04BF5FE329CEE4B000002970 /* CountryList.swift in Sources */ = {isa = PBXBuildFile; fileRef = 04BF5F7829CEE4B000002970 /* CountryList.swift */; };
		04BF5FE429CEE4B000002970 /* Country.swift in Sources */ = {isa = PBXBuildFile; fileRef = 04BF5F7929CEE4B000002970 /* Country.swift */; };
		04BF5FE529CEE4B000002970 /* CountryCell.swift in Sources */ = {isa = PBXBuildFile; fileRef = 04BF5F7A29CEE4B000002970 /* CountryCell.swift */; };
		04BF5FE629CEE4B000002970 /* Roboto-Medium.ttf in Resources */ = {isa = PBXBuildFile; fileRef = 04BF5F7D29CEE4B000002970 /* Roboto-Medium.ttf */; };
		04BF5FE729CEE4B000002970 /* Roboto-Light.ttf in Resources */ = {isa = PBXBuildFile; fileRef = 04BF5F7E29CEE4B000002970 /* Roboto-Light.ttf */; };
		04BF5FE829CEE4B000002970 /* RobotoCondensed-Bold.ttf in Resources */ = {isa = PBXBuildFile; fileRef = 04BF5F7F29CEE4B000002970 /* RobotoCondensed-Bold.ttf */; };
		04BF5FE929CEE4B000002970 /* RobotoCondensed-Light.ttf in Resources */ = {isa = PBXBuildFile; fileRef = 04BF5F8029CEE4B000002970 /* RobotoCondensed-Light.ttf */; };
		04BF5FEA29CEE4B000002970 /* Roboto-Regular.ttf in Resources */ = {isa = PBXBuildFile; fileRef = 04BF5F8129CEE4B000002970 /* Roboto-Regular.ttf */; };
		04BF5FEB29CEE4B000002970 /* Roboto-MediumItalic.ttf in Resources */ = {isa = PBXBuildFile; fileRef = 04BF5F8229CEE4B000002970 /* Roboto-MediumItalic.ttf */; };
		04BF5FEC29CEE4B000002970 /* RobotoCondensed-Italic.ttf in Resources */ = {isa = PBXBuildFile; fileRef = 04BF5F8329CEE4B000002970 /* RobotoCondensed-Italic.ttf */; };
		04BF5FED29CEE4B000002970 /* RobotoCondensed-BoldItalic.ttf in Resources */ = {isa = PBXBuildFile; fileRef = 04BF5F8429CEE4B000002970 /* RobotoCondensed-BoldItalic.ttf */; };
		04BF5FEE29CEE4B000002970 /* Apache License.txt in Resources */ = {isa = PBXBuildFile; fileRef = 04BF5F8529CEE4B000002970 /* Apache License.txt */; };
		04BF5FEF29CEE4B000002970 /* RobotoCondensed-LightItalic.ttf in Resources */ = {isa = PBXBuildFile; fileRef = 04BF5F8629CEE4B000002970 /* RobotoCondensed-LightItalic.ttf */; };
		04BF5FF029CEE4B000002970 /* Roboto-ThinItalic.ttf in Resources */ = {isa = PBXBuildFile; fileRef = 04BF5F8729CEE4B000002970 /* Roboto-ThinItalic.ttf */; };
		04BF5FF129CEE4B000002970 /* RobotoCondensed-Regular.ttf in Resources */ = {isa = PBXBuildFile; fileRef = 04BF5F8829CEE4B000002970 /* RobotoCondensed-Regular.ttf */; };
		04BF5FF229CEE4B000002970 /* Roboto-BoldItalic.ttf in Resources */ = {isa = PBXBuildFile; fileRef = 04BF5F8929CEE4B000002970 /* Roboto-BoldItalic.ttf */; };
		04BF5FF329CEE4B000002970 /* Roboto-LightItalic.ttf in Resources */ = {isa = PBXBuildFile; fileRef = 04BF5F8A29CEE4B000002970 /* Roboto-LightItalic.ttf */; };
		04BF5FF429CEE4B000002970 /* Roboto-Italic.ttf in Resources */ = {isa = PBXBuildFile; fileRef = 04BF5F8B29CEE4B000002970 /* Roboto-Italic.ttf */; };
		04BF5FF529CEE4B000002970 /* Roboto-BlackItalic.ttf in Resources */ = {isa = PBXBuildFile; fileRef = 04BF5F8C29CEE4B000002970 /* Roboto-BlackItalic.ttf */; };
		04BF5FF629CEE4B000002970 /* Roboto-Bold.ttf in Resources */ = {isa = PBXBuildFile; fileRef = 04BF5F8D29CEE4B000002970 /* Roboto-Bold.ttf */; };
		04BF5FF729CEE4B000002970 /* Roboto-Thin.ttf in Resources */ = {isa = PBXBuildFile; fileRef = 04BF5F8E29CEE4B000002970 /* Roboto-Thin.ttf */; };
		04BF5FF829CEE4B000002970 /* Roboto-Black.ttf in Resources */ = {isa = PBXBuildFile; fileRef = 04BF5F8F29CEE4B000002970 /* Roboto-Black.ttf */; };
		04BF5FF929CEE4B000002970 /* inter_medium.ttf in Resources */ = {isa = PBXBuildFile; fileRef = 04BF5F9129CEE4B000002970 /* inter_medium.ttf */; };
		04BF5FFA29CEE4B000002970 /* metropolis_regular_italic.otf in Resources */ = {isa = PBXBuildFile; fileRef = 04BF5F9229CEE4B000002970 /* metropolis_regular_italic.otf */; };
		04BF5FFB29CEE4B000002970 /* poppins_medium.ttf in Resources */ = {isa = PBXBuildFile; fileRef = 04BF5F9329CEE4B000002970 /* poppins_medium.ttf */; };
		04BF5FFC29CEE4B000002970 /* poppins_bold.ttf in Resources */ = {isa = PBXBuildFile; fileRef = 04BF5F9429CEE4B000002970 /* poppins_bold.ttf */; };
		04BF5FFD29CEE4B000002970 /* poppins_regular.ttf in Resources */ = {isa = PBXBuildFile; fileRef = 04BF5F9529CEE4B000002970 /* poppins_regular.ttf */; };
		04BF5FFE29CEE4B000002970 /* metropolis_light.otf in Resources */ = {isa = PBXBuildFile; fileRef = 04BF5F9629CEE4B000002970 /* metropolis_light.otf */; };
		04BF5FFF29CEE4B000002970 /* raleway_light.ttf in Resources */ = {isa = PBXBuildFile; fileRef = 04BF5F9729CEE4B000002970 /* raleway_light.ttf */; };
		04BF600029CEE4B000002970 /* inter_semi_bold.ttf in Resources */ = {isa = PBXBuildFile; fileRef = 04BF5F9829CEE4B000002970 /* inter_semi_bold.ttf */; };
		04BF600129CEE4B000002970 /* inter_regular.ttf in Resources */ = {isa = PBXBuildFile; fileRef = 04BF5F9929CEE4B000002970 /* inter_regular.ttf */; };
		04BF600229CEE4B000002970 /* metropolis_bold.otf in Resources */ = {isa = PBXBuildFile; fileRef = 04BF5F9A29CEE4B000002970 /* metropolis_bold.otf */; };
		04BF600329CEE4B000002970 /* poppins_extra_light.ttf in Resources */ = {isa = PBXBuildFile; fileRef = 04BF5F9B29CEE4B000002970 /* poppins_extra_light.ttf */; };
		04BF600429CEE4B000002970 /* roboto_regular.ttf in Resources */ = {isa = PBXBuildFile; fileRef = 04BF5F9C29CEE4B000002970 /* roboto_regular.ttf */; };
		04BF600529CEE4B000002970 /* inter_bold.ttf in Resources */ = {isa = PBXBuildFile; fileRef = 04BF5F9D29CEE4B000002970 /* inter_bold.ttf */; };
		04BF600629CEE4B000002970 /* Switcher.swift in Sources */ = {isa = PBXBuildFile; fileRef = 04BF5F9F29CEE4B000002970 /* Switcher.swift */; };
		04BF600729CEE4B000002970 /* CommunicationManager.swift in Sources */ = {isa = PBXBuildFile; fileRef = 04BF5FA029CEE4B000002970 /* CommunicationManager.swift */; };
		04BF600829CEE4B000002970 /* CameraHandler.swift in Sources */ = {isa = PBXBuildFile; fileRef = 04BF5FA129CEE4B000002970 /* CameraHandler.swift */; };
		04BF600929CEE4B000002970 /* InternetUtilClass.swift in Sources */ = {isa = PBXBuildFile; fileRef = 04BF5FA229CEE4B000002970 /* InternetUtilClass.swift */; };
		04BF600A29CEE4B000002970 /* Utility.swift in Sources */ = {isa = PBXBuildFile; fileRef = 04BF5FA329CEE4B000002970 /* Utility.swift */; };
		04BF600B29CEE4B000002970 /* LocationManager.swift in Sources */ = {isa = PBXBuildFile; fileRef = 04BF5FA429CEE4B000002970 /* LocationManager.swift */; };
		04BF600C29CEE4B000002970 /* DatePickerDialog.swift in Sources */ = {isa = PBXBuildFile; fileRef = 04BF5FA529CEE4B000002970 /* DatePickerDialog.swift */; };
		04BF600D29CEE4B000002970 /* LocationReachability.swift in Sources */ = {isa = PBXBuildFile; fileRef = 04BF5FA629CEE4B000002970 /* LocationReachability.swift */; };
		04BF600F29CEE83E00002970 /* AppDelegate.swift in Sources */ = {isa = PBXBuildFile; fileRef = 04BF600E29CEE83E00002970 /* AppDelegate.swift */; };
		04BF601A29CEE8B600002970 /* ForgotPasswordVC.swift in Sources */ = {isa = PBXBuildFile; fileRef = 04BF601429CEE8B600002970 /* ForgotPasswordVC.swift */; };
		04BF601B29CEE8B600002970 /* SignupVC.swift in Sources */ = {isa = PBXBuildFile; fileRef = 04BF601529CEE8B600002970 /* SignupVC.swift */; };
		04BF601C29CEE8B600002970 /* LoginUsreVC.swift in Sources */ = {isa = PBXBuildFile; fileRef = 04BF601629CEE8B600002970 /* LoginUsreVC.swift */; };
		04BF601F29CEED4000002970 /* ChangeLangugeVC.swift in Sources */ = {isa = PBXBuildFile; fileRef = 04BF601E29CEED4000002970 /* ChangeLangugeVC.swift */; };
		04BF602129CEFC5800002970 /* PrivacyPolicyVC.swift in Sources */ = {isa = PBXBuildFile; fileRef = 04BF602029CEFC5700002970 /* PrivacyPolicyVC.swift */; };
		04BF602A29CEFCA900002970 /* Langauge.swift in Sources */ = {isa = PBXBuildFile; fileRef = 04BF602329CEFCA800002970 /* Langauge.swift */; };
		04BF602B29CEFCA900002970 /* Localizable.strings in Resources */ = {isa = PBXBuildFile; fileRef = 04BF602429CEFCA800002970 /* Localizable.strings */; };
		04BF602C29CEFCA900002970 /* Localizer.swift in Sources */ = {isa = PBXBuildFile; fileRef = 04BF602729CEFCA800002970 /* Localizer.swift */; };
		04BF602D29CEFCA900002970 /* LanguageHalper.swift in Sources */ = {isa = PBXBuildFile; fileRef = 04BF602829CEFCA800002970 /* LanguageHalper.swift */; };
		04BF602E29CEFCA900002970 /* Languages.swift in Sources */ = {isa = PBXBuildFile; fileRef = 04BF602929CEFCA800002970 /* Languages.swift */; };
		04BF603029CEFCF900002970 /* Singleton.swift in Sources */ = {isa = PBXBuildFile; fileRef = 04BF602F29CEFCF900002970 /* Singleton.swift */; };
		04F3C3B429D1947E009AF02F /* TabbarVC.swift in Sources */ = {isa = PBXBuildFile; fileRef = 04F3C3B329D1947E009AF02F /* TabbarVC.swift */; };
		04F3C3B629D19D66009AF02F /* EventVC.swift in Sources */ = {isa = PBXBuildFile; fileRef = 04F3C3B529D19D66009AF02F /* EventVC.swift */; };
		04F3C3B829D1A014009AF02F /* MaplocationVC.swift in Sources */ = {isa = PBXBuildFile; fileRef = 04F3C3B729D1A014009AF02F /* MaplocationVC.swift */; };
		04F3C3BA29D1A035009AF02F /* JoinedEventVC.swift in Sources */ = {isa = PBXBuildFile; fileRef = 04F3C3B929D1A035009AF02F /* JoinedEventVC.swift */; };
		04F3C3BC29D1A05A009AF02F /* AccountlistVC.swift in Sources */ = {isa = PBXBuildFile; fileRef = 04F3C3BB29D1A05A009AF02F /* AccountlistVC.swift */; };
		0B8B6E4ACD9A776D99485CF2 /* Pods_SecretMissionSociety.framework in Frameworks */ = {isa = PBXBuildFile; fileRef = 96E1EC4738E96CECD3CEF358 /* Pods_SecretMissionSociety.framework */; };
/* End PBXBuildFile section */

/* Begin PBXFileReference section */
		040E436729D4495300E1AAC8 /* FlgMaViewVC.swift */ = {isa = PBXFileReference; lastKnownFileType = sourcecode.swift; path = FlgMaViewVC.swift; sourceTree = "<group>"; };
		041B477729D5A50800FC8062 /* AnswerVC.swift */ = {isa = PBXFileReference; lastKnownFileType = sourcecode.swift; path = AnswerVC.swift; sourceTree = "<group>"; };
		044DAFBF29DB20E4005AADB6 /* InventaryDetailVC.swift */ = {isa = PBXFileReference; lastKnownFileType = sourcecode.swift; path = InventaryDetailVC.swift; sourceTree = "<group>"; };
		047A347729D41FED00DA43E3 /* InstructionVC.swift */ = {isa = PBXFileReference; lastKnownFileType = sourcecode.swift; path = InstructionVC.swift; sourceTree = "<group>"; };
		047A347929D4201C00DA43E3 /* VideoPlayerVC.swift */ = {isa = PBXFileReference; lastKnownFileType = sourcecode.swift; path = VideoPlayerVC.swift; sourceTree = "<group>"; };
		047A347B29D4298800DA43E3 /* MainInstructionVC.swift */ = {isa = PBXFileReference; lastKnownFileType = sourcecode.swift; path = MainInstructionVC.swift; sourceTree = "<group>"; };
		0484CF0029D71C9C00BDF003 /* InventorylistVC.swift */ = {isa = PBXFileReference; lastKnownFileType = sourcecode.swift; path = InventorylistVC.swift; sourceTree = "<group>"; };
		0484CF0229D71D0E00BDF003 /* FinalPuzzleVC.swift */ = {isa = PBXFileReference; lastKnownFileType = sourcecode.swift; path = FinalPuzzleVC.swift; sourceTree = "<group>"; };
		049F602729CF12CA00E0D073 /* HomeVC.swift */ = {isa = PBXFileReference; lastKnownFileType = sourcecode.swift; path = HomeVC.swift; sourceTree = "<group>"; };
		04A27D8329D5CF6800B190A5 /* HIntAnswerVC.swift */ = {isa = PBXFileReference; lastKnownFileType = sourcecode.swift; path = HIntAnswerVC.swift; sourceTree = "<group>"; };
		04A490AD29D2BEEC002E8D58 /* ProfileVC.swift */ = {isa = PBXFileReference; lastKnownFileType = sourcecode.swift; path = ProfileVC.swift; sourceTree = "<group>"; };
		04A490AF29D2BF03002E8D58 /* ChangePassVC.swift */ = {isa = PBXFileReference; lastKnownFileType = sourcecode.swift; path = ChangePassVC.swift; sourceTree = "<group>"; };
		04A490B129D2BF1A002E8D58 /* ContactVC.swift */ = {isa = PBXFileReference; lastKnownFileType = sourcecode.swift; path = ContactVC.swift; sourceTree = "<group>"; };
		04A490B329D2FBE9002E8D58 /* CreateTeamVC.swift */ = {isa = PBXFileReference; lastKnownFileType = sourcecode.swift; path = CreateTeamVC.swift; sourceTree = "<group>"; };
		04BF5F1329CECBF400002970 /* SecretMissionSociety.app */ = {isa = PBXFileReference; explicitFileType = wrapper.application; includeInIndex = 0; path = SecretMissionSociety.app; sourceTree = BUILT_PRODUCTS_DIR; };
		04BF5F1D29CECBF400002970 /* Base */ = {isa = PBXFileReference; lastKnownFileType = file.storyboard; name = Base; path = Base.lproj/Main.storyboard; sourceTree = "<group>"; };
		04BF5F1F29CECBF800002970 /* Assets.xcassets */ = {isa = PBXFileReference; lastKnownFileType = folder.assetcatalog; path = Assets.xcassets; sourceTree = "<group>"; };
		04BF5F2229CECBF800002970 /* Base */ = {isa = PBXFileReference; lastKnownFileType = file.storyboard; name = Base; path = Base.lproj/LaunchScreen.storyboard; sourceTree = "<group>"; };
		04BF5F2429CECBF800002970 /* Info.plist */ = {isa = PBXFileReference; lastKnownFileType = text.plist.xml; path = Info.plist; sourceTree = "<group>"; };
		04BF5F2A29CEE4AF00002970 /* SecretMissionSociety-Bridging-Header.h */ = {isa = PBXFileReference; fileEncoding = 4; lastKnownFileType = sourcecode.c.h; path = "SecretMissionSociety-Bridging-Header.h"; sourceTree = "<group>"; };
		04BF5F2D29CEE4AF00002970 /* View.swift */ = {isa = PBXFileReference; fileEncoding = 4; lastKnownFileType = sourcecode.swift; path = View.swift; sourceTree = "<group>"; };
		04BF5F2E29CEE4AF00002970 /* ViewControllerExt.swift */ = {isa = PBXFileReference; fileEncoding = 4; lastKnownFileType = sourcecode.swift; path = ViewControllerExt.swift; sourceTree = "<group>"; };
		04BF5F2F29CEE4AF00002970 /* Extensions.swift */ = {isa = PBXFileReference; fileEncoding = 4; lastKnownFileType = sourcecode.swift; path = Extensions.swift; sourceTree = "<group>"; };
		04BF5F3029CEE4AF00002970 /* Button.swift */ = {isa = PBXFileReference; fileEncoding = 4; lastKnownFileType = sourcecode.swift; path = Button.swift; sourceTree = "<group>"; };
		04BF5F3329CEE4AF00002970 /* Reachability.m */ = {isa = PBXFileReference; fileEncoding = 4; lastKnownFileType = sourcecode.c.objc; path = Reachability.m; sourceTree = "<group>"; };
		04BF5F6B29CEE4AF00002970 /* Reachability.h */ = {isa = PBXFileReference; fileEncoding = 4; lastKnownFileType = sourcecode.c.h; path = Reachability.h; sourceTree = "<group>"; };
		04BF5F6D29CEE4AF00002970 /* Messages.swift */ = {isa = PBXFileReference; fileEncoding = 4; lastKnownFileType = sourcecode.swift; path = Messages.swift; sourceTree = "<group>"; };
		04BF5F6E29CEE4AF00002970 /* GlobalConstant.swift */ = {isa = PBXFileReference; fileEncoding = 4; lastKnownFileType = sourcecode.swift; path = GlobalConstant.swift; sourceTree = "<group>"; };
		04BF5F6F29CEE4AF00002970 /* CustomPointAnnotation.swift */ = {isa = PBXFileReference; fileEncoding = 4; lastKnownFileType = sourcecode.swift; path = CustomPointAnnotation.swift; sourceTree = "<group>"; };
		04BF5F7029CEE4AF00002970 /* Router.swift */ = {isa = PBXFileReference; fileEncoding = 4; lastKnownFileType = sourcecode.swift; path = Router.swift; sourceTree = "<group>"; };
		04BF5F7229CEE4B000002970 /* TagListView.h */ = {isa = PBXFileReference; fileEncoding = 4; lastKnownFileType = sourcecode.c.h; path = TagListView.h; sourceTree = "<group>"; };
		04BF5F7329CEE4B000002970 /* CloseButton.swift */ = {isa = PBXFileReference; fileEncoding = 4; lastKnownFileType = sourcecode.swift; path = CloseButton.swift; sourceTree = "<group>"; };
		04BF5F7429CEE4B000002970 /* TagView.swift */ = {isa = PBXFileReference; fileEncoding = 4; lastKnownFileType = sourcecode.swift; path = TagView.swift; sourceTree = "<group>"; };
		04BF5F7529CEE4B000002970 /* TagListView.swift */ = {isa = PBXFileReference; fileEncoding = 4; lastKnownFileType = sourcecode.swift; path = TagListView.swift; sourceTree = "<group>"; };
		04BF5F7729CEE4B000002970 /* Countries.swift */ = {isa = PBXFileReference; fileEncoding = 4; lastKnownFileType = sourcecode.swift; path = Countries.swift; sourceTree = "<group>"; };
		04BF5F7829CEE4B000002970 /* CountryList.swift */ = {isa = PBXFileReference; fileEncoding = 4; lastKnownFileType = sourcecode.swift; path = CountryList.swift; sourceTree = "<group>"; };
		04BF5F7929CEE4B000002970 /* Country.swift */ = {isa = PBXFileReference; fileEncoding = 4; lastKnownFileType = sourcecode.swift; path = Country.swift; sourceTree = "<group>"; };
		04BF5F7A29CEE4B000002970 /* CountryCell.swift */ = {isa = PBXFileReference; fileEncoding = 4; lastKnownFileType = sourcecode.swift; path = CountryCell.swift; sourceTree = "<group>"; };
		04BF5F7D29CEE4B000002970 /* Roboto-Medium.ttf */ = {isa = PBXFileReference; lastKnownFileType = file; path = "Roboto-Medium.ttf"; sourceTree = "<group>"; };
		04BF5F7E29CEE4B000002970 /* Roboto-Light.ttf */ = {isa = PBXFileReference; lastKnownFileType = file; path = "Roboto-Light.ttf"; sourceTree = "<group>"; };
		04BF5F7F29CEE4B000002970 /* RobotoCondensed-Bold.ttf */ = {isa = PBXFileReference; lastKnownFileType = file; path = "RobotoCondensed-Bold.ttf"; sourceTree = "<group>"; };
		04BF5F8029CEE4B000002970 /* RobotoCondensed-Light.ttf */ = {isa = PBXFileReference; lastKnownFileType = file; path = "RobotoCondensed-Light.ttf"; sourceTree = "<group>"; };
		04BF5F8129CEE4B000002970 /* Roboto-Regular.ttf */ = {isa = PBXFileReference; lastKnownFileType = file; path = "Roboto-Regular.ttf"; sourceTree = "<group>"; };
		04BF5F8229CEE4B000002970 /* Roboto-MediumItalic.ttf */ = {isa = PBXFileReference; lastKnownFileType = file; path = "Roboto-MediumItalic.ttf"; sourceTree = "<group>"; };
		04BF5F8329CEE4B000002970 /* RobotoCondensed-Italic.ttf */ = {isa = PBXFileReference; lastKnownFileType = file; path = "RobotoCondensed-Italic.ttf"; sourceTree = "<group>"; };
		04BF5F8429CEE4B000002970 /* RobotoCondensed-BoldItalic.ttf */ = {isa = PBXFileReference; lastKnownFileType = file; path = "RobotoCondensed-BoldItalic.ttf"; sourceTree = "<group>"; };
		04BF5F8529CEE4B000002970 /* Apache License.txt */ = {isa = PBXFileReference; fileEncoding = 4; lastKnownFileType = text; path = "Apache License.txt"; sourceTree = "<group>"; };
		04BF5F8629CEE4B000002970 /* RobotoCondensed-LightItalic.ttf */ = {isa = PBXFileReference; lastKnownFileType = file; path = "RobotoCondensed-LightItalic.ttf"; sourceTree = "<group>"; };
		04BF5F8729CEE4B000002970 /* Roboto-ThinItalic.ttf */ = {isa = PBXFileReference; lastKnownFileType = file; path = "Roboto-ThinItalic.ttf"; sourceTree = "<group>"; };
		04BF5F8829CEE4B000002970 /* RobotoCondensed-Regular.ttf */ = {isa = PBXFileReference; lastKnownFileType = file; path = "RobotoCondensed-Regular.ttf"; sourceTree = "<group>"; };
		04BF5F8929CEE4B000002970 /* Roboto-BoldItalic.ttf */ = {isa = PBXFileReference; lastKnownFileType = file; path = "Roboto-BoldItalic.ttf"; sourceTree = "<group>"; };
		04BF5F8A29CEE4B000002970 /* Roboto-LightItalic.ttf */ = {isa = PBXFileReference; lastKnownFileType = file; path = "Roboto-LightItalic.ttf"; sourceTree = "<group>"; };
		04BF5F8B29CEE4B000002970 /* Roboto-Italic.ttf */ = {isa = PBXFileReference; lastKnownFileType = file; path = "Roboto-Italic.ttf"; sourceTree = "<group>"; };
		04BF5F8C29CEE4B000002970 /* Roboto-BlackItalic.ttf */ = {isa = PBXFileReference; lastKnownFileType = file; path = "Roboto-BlackItalic.ttf"; sourceTree = "<group>"; };
		04BF5F8D29CEE4B000002970 /* Roboto-Bold.ttf */ = {isa = PBXFileReference; lastKnownFileType = file; path = "Roboto-Bold.ttf"; sourceTree = "<group>"; };
		04BF5F8E29CEE4B000002970 /* Roboto-Thin.ttf */ = {isa = PBXFileReference; lastKnownFileType = file; path = "Roboto-Thin.ttf"; sourceTree = "<group>"; };
		04BF5F8F29CEE4B000002970 /* Roboto-Black.ttf */ = {isa = PBXFileReference; lastKnownFileType = file; path = "Roboto-Black.ttf"; sourceTree = "<group>"; };
		04BF5F9129CEE4B000002970 /* inter_medium.ttf */ = {isa = PBXFileReference; lastKnownFileType = file; path = inter_medium.ttf; sourceTree = "<group>"; };
		04BF5F9229CEE4B000002970 /* metropolis_regular_italic.otf */ = {isa = PBXFileReference; lastKnownFileType = file; path = metropolis_regular_italic.otf; sourceTree = "<group>"; };
		04BF5F9329CEE4B000002970 /* poppins_medium.ttf */ = {isa = PBXFileReference; lastKnownFileType = file; path = poppins_medium.ttf; sourceTree = "<group>"; };
		04BF5F9429CEE4B000002970 /* poppins_bold.ttf */ = {isa = PBXFileReference; lastKnownFileType = file; path = poppins_bold.ttf; sourceTree = "<group>"; };
		04BF5F9529CEE4B000002970 /* poppins_regular.ttf */ = {isa = PBXFileReference; lastKnownFileType = file; path = poppins_regular.ttf; sourceTree = "<group>"; };
		04BF5F9629CEE4B000002970 /* metropolis_light.otf */ = {isa = PBXFileReference; lastKnownFileType = file; path = metropolis_light.otf; sourceTree = "<group>"; };
		04BF5F9729CEE4B000002970 /* raleway_light.ttf */ = {isa = PBXFileReference; lastKnownFileType = file; path = raleway_light.ttf; sourceTree = "<group>"; };
		04BF5F9829CEE4B000002970 /* inter_semi_bold.ttf */ = {isa = PBXFileReference; lastKnownFileType = file; path = inter_semi_bold.ttf; sourceTree = "<group>"; };
		04BF5F9929CEE4B000002970 /* inter_regular.ttf */ = {isa = PBXFileReference; lastKnownFileType = file; path = inter_regular.ttf; sourceTree = "<group>"; };
		04BF5F9A29CEE4B000002970 /* metropolis_bold.otf */ = {isa = PBXFileReference; lastKnownFileType = file; path = metropolis_bold.otf; sourceTree = "<group>"; };
		04BF5F9B29CEE4B000002970 /* poppins_extra_light.ttf */ = {isa = PBXFileReference; lastKnownFileType = file; path = poppins_extra_light.ttf; sourceTree = "<group>"; };
		04BF5F9C29CEE4B000002970 /* roboto_regular.ttf */ = {isa = PBXFileReference; lastKnownFileType = file; path = roboto_regular.ttf; sourceTree = "<group>"; };
		04BF5F9D29CEE4B000002970 /* inter_bold.ttf */ = {isa = PBXFileReference; lastKnownFileType = file; path = inter_bold.ttf; sourceTree = "<group>"; };
		04BF5F9F29CEE4B000002970 /* Switcher.swift */ = {isa = PBXFileReference; fileEncoding = 4; lastKnownFileType = sourcecode.swift; path = Switcher.swift; sourceTree = "<group>"; };
		04BF5FA029CEE4B000002970 /* CommunicationManager.swift */ = {isa = PBXFileReference; fileEncoding = 4; lastKnownFileType = sourcecode.swift; path = CommunicationManager.swift; sourceTree = "<group>"; };
		04BF5FA129CEE4B000002970 /* CameraHandler.swift */ = {isa = PBXFileReference; fileEncoding = 4; lastKnownFileType = sourcecode.swift; path = CameraHandler.swift; sourceTree = "<group>"; };
		04BF5FA229CEE4B000002970 /* InternetUtilClass.swift */ = {isa = PBXFileReference; fileEncoding = 4; lastKnownFileType = sourcecode.swift; path = InternetUtilClass.swift; sourceTree = "<group>"; };
		04BF5FA329CEE4B000002970 /* Utility.swift */ = {isa = PBXFileReference; fileEncoding = 4; lastKnownFileType = sourcecode.swift; path = Utility.swift; sourceTree = "<group>"; };
		04BF5FA429CEE4B000002970 /* LocationManager.swift */ = {isa = PBXFileReference; fileEncoding = 4; lastKnownFileType = sourcecode.swift; path = LocationManager.swift; sourceTree = "<group>"; };
		04BF5FA529CEE4B000002970 /* DatePickerDialog.swift */ = {isa = PBXFileReference; fileEncoding = 4; lastKnownFileType = sourcecode.swift; path = DatePickerDialog.swift; sourceTree = "<group>"; };
		04BF5FA629CEE4B000002970 /* LocationReachability.swift */ = {isa = PBXFileReference; fileEncoding = 4; lastKnownFileType = sourcecode.swift; path = LocationReachability.swift; sourceTree = "<group>"; };
		04BF600E29CEE83E00002970 /* AppDelegate.swift */ = {isa = PBXFileReference; fileEncoding = 4; lastKnownFileType = sourcecode.swift; path = AppDelegate.swift; sourceTree = "<group>"; };
		04BF601429CEE8B600002970 /* ForgotPasswordVC.swift */ = {isa = PBXFileReference; fileEncoding = 4; lastKnownFileType = sourcecode.swift; path = ForgotPasswordVC.swift; sourceTree = "<group>"; };
		04BF601529CEE8B600002970 /* SignupVC.swift */ = {isa = PBXFileReference; fileEncoding = 4; lastKnownFileType = sourcecode.swift; path = SignupVC.swift; sourceTree = "<group>"; };
		04BF601629CEE8B600002970 /* LoginUsreVC.swift */ = {isa = PBXFileReference; fileEncoding = 4; lastKnownFileType = sourcecode.swift; path = LoginUsreVC.swift; sourceTree = "<group>"; };
		04BF601E29CEED4000002970 /* ChangeLangugeVC.swift */ = {isa = PBXFileReference; fileEncoding = 4; lastKnownFileType = sourcecode.swift; path = ChangeLangugeVC.swift; sourceTree = "<group>"; };
		04BF602029CEFC5700002970 /* PrivacyPolicyVC.swift */ = {isa = PBXFileReference; fileEncoding = 4; lastKnownFileType = sourcecode.swift; path = PrivacyPolicyVC.swift; sourceTree = "<group>"; };
		04BF602329CEFCA800002970 /* Langauge.swift */ = {isa = PBXFileReference; fileEncoding = 4; lastKnownFileType = sourcecode.swift; path = Langauge.swift; sourceTree = "<group>"; };
		04BF602529CEFCA800002970 /* en */ = {isa = PBXFileReference; lastKnownFileType = text.plist.strings; name = en; path = en.lproj/Localizable.strings; sourceTree = "<group>"; };
		04BF602629CEFCA800002970 /* es */ = {isa = PBXFileReference; lastKnownFileType = text.plist.strings; name = es; path = es.lproj/Localizable.strings; sourceTree = "<group>"; };
		04BF602729CEFCA800002970 /* Localizer.swift */ = {isa = PBXFileReference; fileEncoding = 4; lastKnownFileType = sourcecode.swift; path = Localizer.swift; sourceTree = "<group>"; };
		04BF602829CEFCA800002970 /* LanguageHalper.swift */ = {isa = PBXFileReference; fileEncoding = 4; lastKnownFileType = sourcecode.swift; path = LanguageHalper.swift; sourceTree = "<group>"; };
		04BF602929CEFCA800002970 /* Languages.swift */ = {isa = PBXFileReference; fileEncoding = 4; lastKnownFileType = sourcecode.swift; path = Languages.swift; sourceTree = "<group>"; };
		04BF602F29CEFCF900002970 /* Singleton.swift */ = {isa = PBXFileReference; fileEncoding = 4; lastKnownFileType = sourcecode.swift; path = Singleton.swift; sourceTree = "<group>"; };
		04F3C3B329D1947E009AF02F /* TabbarVC.swift */ = {isa = PBXFileReference; lastKnownFileType = sourcecode.swift; path = TabbarVC.swift; sourceTree = "<group>"; };
		04F3C3B529D19D66009AF02F /* EventVC.swift */ = {isa = PBXFileReference; lastKnownFileType = sourcecode.swift; path = EventVC.swift; sourceTree = "<group>"; };
		04F3C3B729D1A014009AF02F /* MaplocationVC.swift */ = {isa = PBXFileReference; lastKnownFileType = sourcecode.swift; path = MaplocationVC.swift; sourceTree = "<group>"; };
		04F3C3B929D1A035009AF02F /* JoinedEventVC.swift */ = {isa = PBXFileReference; lastKnownFileType = sourcecode.swift; path = JoinedEventVC.swift; sourceTree = "<group>"; };
		04F3C3BB29D1A05A009AF02F /* AccountlistVC.swift */ = {isa = PBXFileReference; lastKnownFileType = sourcecode.swift; path = AccountlistVC.swift; sourceTree = "<group>"; };
		3F57533B31FF1E268E8CB019 /* Pods-SecretMissionSociety.release.xcconfig */ = {isa = PBXFileReference; includeInIndex = 1; lastKnownFileType = text.xcconfig; name = "Pods-SecretMissionSociety.release.xcconfig"; path = "Target Support Files/Pods-SecretMissionSociety/Pods-SecretMissionSociety.release.xcconfig"; sourceTree = "<group>"; };
		4539E65D957C873AC8A46220 /* Pods-SecretMissionSociety.debug.xcconfig */ = {isa = PBXFileReference; includeInIndex = 1; lastKnownFileType = text.xcconfig; name = "Pods-SecretMissionSociety.debug.xcconfig"; path = "Target Support Files/Pods-SecretMissionSociety/Pods-SecretMissionSociety.debug.xcconfig"; sourceTree = "<group>"; };
		96E1EC4738E96CECD3CEF358 /* Pods_SecretMissionSociety.framework */ = {isa = PBXFileReference; explicitFileType = wrapper.framework; includeInIndex = 0; path = Pods_SecretMissionSociety.framework; sourceTree = BUILT_PRODUCTS_DIR; };
/* End PBXFileReference section */

/* Begin PBXFrameworksBuildPhase section */
		04BF5F1029CECBF400002970 /* Frameworks */ = {
			isa = PBXFrameworksBuildPhase;
			buildActionMask = 2147483647;
			files = (
				0B8B6E4ACD9A776D99485CF2 /* Pods_SecretMissionSociety.framework in Frameworks */,
			);
			runOnlyForDeploymentPostprocessing = 0;
		};
/* End PBXFrameworksBuildPhase section */

/* Begin PBXGroup section */
		0484CF0429D71D1500BDF003 /* Game1and4 */ = {
			isa = PBXGroup;
			children = (
			);
			path = Game1and4;
			sourceTree = "<group>";
		};
		049F602629CF12B400E0D073 /* Main */ = {
			isa = PBXGroup;
			children = (
				04F3C3B329D1947E009AF02F /* TabbarVC.swift */,
				049F602729CF12CA00E0D073 /* HomeVC.swift */,
				04F3C3B529D19D66009AF02F /* EventVC.swift */,
				04F3C3B929D1A035009AF02F /* JoinedEventVC.swift */,
				04F3C3B729D1A014009AF02F /* MaplocationVC.swift */,
				0484CF0429D71D1500BDF003 /* Game1and4 */,
				04A490B329D2FBE9002E8D58 /* CreateTeamVC.swift */,
				047A347729D41FED00DA43E3 /* InstructionVC.swift */,
				047A347929D4201C00DA43E3 /* VideoPlayerVC.swift */,
				047A347B29D4298800DA43E3 /* MainInstructionVC.swift */,
				040E436729D4495300E1AAC8 /* FlgMaViewVC.swift */,
				041B477729D5A50800FC8062 /* AnswerVC.swift */,
				04A27D8329D5CF6800B190A5 /* HIntAnswerVC.swift */,
				0484CF0029D71C9C00BDF003 /* InventorylistVC.swift */,
				0484CF0229D71D0E00BDF003 /* FinalPuzzleVC.swift */,
				044DAFBF29DB20E4005AADB6 /* InventaryDetailVC.swift */,
				04A490AC29D2BED4002E8D58 /* Account */,
			);
			path = Main;
			sourceTree = "<group>";
		};
		04A490AC29D2BED4002E8D58 /* Account */ = {
			isa = PBXGroup;
			children = (
				04F3C3BB29D1A05A009AF02F /* AccountlistVC.swift */,
				04A490AD29D2BEEC002E8D58 /* ProfileVC.swift */,
				04A490AF29D2BF03002E8D58 /* ChangePassVC.swift */,
				04A490B129D2BF1A002E8D58 /* ContactVC.swift */,
			);
			path = Account;
			sourceTree = "<group>";
		};
		04BF5F0A29CECBF400002970 = {
			isa = PBXGroup;
			children = (
				04BF5F1529CECBF400002970 /* SecretMissionSociety */,
				04BF5F1429CECBF400002970 /* Products */,
				53F72A31BB30E8E48408DE9E /* Pods */,
				9EAD0483C427F61D066D2D0A /* Frameworks */,
			);
			sourceTree = "<group>";
		};
		04BF5F1429CECBF400002970 /* Products */ = {
			isa = PBXGroup;
			children = (
				04BF5F1329CECBF400002970 /* SecretMissionSociety.app */,
			);
			name = Products;
			sourceTree = "<group>";
		};
		04BF5F1529CECBF400002970 /* SecretMissionSociety */ = {
			isa = PBXGroup;
			children = (
				04BF600E29CEE83E00002970 /* AppDelegate.swift */,
				04BF5F2B29CEE4AF00002970 /* Components */,
				04BF601029CEE8AD00002970 /* Controllers */,
				04BF5F1C29CECBF400002970 /* Main.storyboard */,
				04BF5F1F29CECBF800002970 /* Assets.xcassets */,
				04BF5F2129CECBF800002970 /* LaunchScreen.storyboard */,
				04BF5F2429CECBF800002970 /* Info.plist */,
				04BF5F2A29CEE4AF00002970 /* SecretMissionSociety-Bridging-Header.h */,
			);
			path = SecretMissionSociety;
			sourceTree = "<group>";
		};
		04BF5F2B29CEE4AF00002970 /* Components */ = {
			isa = PBXGroup;
			children = (
				04BF602229CEFCA800002970 /* Language */,
				04BF5F2C29CEE4AF00002970 /* Extensions */,
				04BF5F3129CEE4AF00002970 /* Third party library */,
				04BF5F6C29CEE4AF00002970 /* Common */,
				04BF5F7129CEE4B000002970 /* TagListView */,
				04BF5F7629CEE4B000002970 /* Countrylist */,
				04BF5F7B29CEE4B000002970 /* Fonts */,
				04BF5F9E29CEE4B000002970 /* Utility */,
			);
			path = Components;
			sourceTree = "<group>";
		};
		04BF5F2C29CEE4AF00002970 /* Extensions */ = {
			isa = PBXGroup;
			children = (
				04BF5F2D29CEE4AF00002970 /* View.swift */,
				04BF5F2E29CEE4AF00002970 /* ViewControllerExt.swift */,
				04BF5F2F29CEE4AF00002970 /* Extensions.swift */,
				04BF5F3029CEE4AF00002970 /* Button.swift */,
			);
			path = Extensions;
			sourceTree = "<group>";
		};
		04BF5F3129CEE4AF00002970 /* Third party library */ = {
			isa = PBXGroup;
			children = (
				04BF5F3329CEE4AF00002970 /* Reachability.m */,
				04BF5F6B29CEE4AF00002970 /* Reachability.h */,
			);
			path = "Third party library";
			sourceTree = "<group>";
		};
		04BF5F6C29CEE4AF00002970 /* Common */ = {
			isa = PBXGroup;
			children = (
				04BF602F29CEFCF900002970 /* Singleton.swift */,
				04BF5F6D29CEE4AF00002970 /* Messages.swift */,
				04BF5F6E29CEE4AF00002970 /* GlobalConstant.swift */,
				04BF5F6F29CEE4AF00002970 /* CustomPointAnnotation.swift */,
				04BF5F7029CEE4AF00002970 /* Router.swift */,
			);
			path = Common;
			sourceTree = "<group>";
		};
		04BF5F7129CEE4B000002970 /* TagListView */ = {
			isa = PBXGroup;
			children = (
				04BF5F7229CEE4B000002970 /* TagListView.h */,
				04BF5F7329CEE4B000002970 /* CloseButton.swift */,
				04BF5F7429CEE4B000002970 /* TagView.swift */,
				04BF5F7529CEE4B000002970 /* TagListView.swift */,
			);
			path = TagListView;
			sourceTree = "<group>";
		};
		04BF5F7629CEE4B000002970 /* Countrylist */ = {
			isa = PBXGroup;
			children = (
				04BF5F7729CEE4B000002970 /* Countries.swift */,
				04BF5F7829CEE4B000002970 /* CountryList.swift */,
				04BF5F7929CEE4B000002970 /* Country.swift */,
				04BF5F7A29CEE4B000002970 /* CountryCell.swift */,
			);
			path = Countrylist;
			sourceTree = "<group>";
		};
		04BF5F7B29CEE4B000002970 /* Fonts */ = {
			isa = PBXGroup;
			children = (
				04BF5F7C29CEE4B000002970 /* Roboto */,
				04BF5F9029CEE4B000002970 /* font */,
			);
			path = Fonts;
			sourceTree = "<group>";
		};
		04BF5F7C29CEE4B000002970 /* Roboto */ = {
			isa = PBXGroup;
			children = (
				04BF5F7D29CEE4B000002970 /* Roboto-Medium.ttf */,
				04BF5F7E29CEE4B000002970 /* Roboto-Light.ttf */,
				04BF5F7F29CEE4B000002970 /* RobotoCondensed-Bold.ttf */,
				04BF5F8029CEE4B000002970 /* RobotoCondensed-Light.ttf */,
				04BF5F8129CEE4B000002970 /* Roboto-Regular.ttf */,
				04BF5F8229CEE4B000002970 /* Roboto-MediumItalic.ttf */,
				04BF5F8329CEE4B000002970 /* RobotoCondensed-Italic.ttf */,
				04BF5F8429CEE4B000002970 /* RobotoCondensed-BoldItalic.ttf */,
				04BF5F8529CEE4B000002970 /* Apache License.txt */,
				04BF5F8629CEE4B000002970 /* RobotoCondensed-LightItalic.ttf */,
				04BF5F8729CEE4B000002970 /* Roboto-ThinItalic.ttf */,
				04BF5F8829CEE4B000002970 /* RobotoCondensed-Regular.ttf */,
				04BF5F8929CEE4B000002970 /* Roboto-BoldItalic.ttf */,
				04BF5F8A29CEE4B000002970 /* Roboto-LightItalic.ttf */,
				04BF5F8B29CEE4B000002970 /* Roboto-Italic.ttf */,
				04BF5F8C29CEE4B000002970 /* Roboto-BlackItalic.ttf */,
				04BF5F8D29CEE4B000002970 /* Roboto-Bold.ttf */,
				04BF5F8E29CEE4B000002970 /* Roboto-Thin.ttf */,
				04BF5F8F29CEE4B000002970 /* Roboto-Black.ttf */,
			);
			path = Roboto;
			sourceTree = "<group>";
		};
		04BF5F9029CEE4B000002970 /* font */ = {
			isa = PBXGroup;
			children = (
				04BF5F9129CEE4B000002970 /* inter_medium.ttf */,
				04BF5F9229CEE4B000002970 /* metropolis_regular_italic.otf */,
				04BF5F9329CEE4B000002970 /* poppins_medium.ttf */,
				04BF5F9429CEE4B000002970 /* poppins_bold.ttf */,
				04BF5F9529CEE4B000002970 /* poppins_regular.ttf */,
				04BF5F9629CEE4B000002970 /* metropolis_light.otf */,
				04BF5F9729CEE4B000002970 /* raleway_light.ttf */,
				04BF5F9829CEE4B000002970 /* inter_semi_bold.ttf */,
				04BF5F9929CEE4B000002970 /* inter_regular.ttf */,
				04BF5F9A29CEE4B000002970 /* metropolis_bold.otf */,
				04BF5F9B29CEE4B000002970 /* poppins_extra_light.ttf */,
				04BF5F9C29CEE4B000002970 /* roboto_regular.ttf */,
				04BF5F9D29CEE4B000002970 /* inter_bold.ttf */,
			);
			path = font;
			sourceTree = "<group>";
		};
		04BF5F9E29CEE4B000002970 /* Utility */ = {
			isa = PBXGroup;
			children = (
				04BF5F9F29CEE4B000002970 /* Switcher.swift */,
				04BF5FA029CEE4B000002970 /* CommunicationManager.swift */,
				04BF5FA129CEE4B000002970 /* CameraHandler.swift */,
				04BF5FA229CEE4B000002970 /* InternetUtilClass.swift */,
				04BF5FA329CEE4B000002970 /* Utility.swift */,
				04BF5FA429CEE4B000002970 /* LocationManager.swift */,
				04BF5FA529CEE4B000002970 /* DatePickerDialog.swift */,
				04BF5FA629CEE4B000002970 /* LocationReachability.swift */,
			);
			path = Utility;
			sourceTree = "<group>";
		};
		04BF601029CEE8AD00002970 /* Controllers */ = {
			isa = PBXGroup;
			children = (
				04BF601129CEE8B600002970 /* Primary */,
				049F602629CF12B400E0D073 /* Main */,
			);
			path = Controllers;
			sourceTree = "<group>";
		};
		04BF601129CEE8B600002970 /* Primary */ = {
			isa = PBXGroup;
			children = (
				04BF601E29CEED4000002970 /* ChangeLangugeVC.swift */,
				04BF601629CEE8B600002970 /* LoginUsreVC.swift */,
				04BF601429CEE8B600002970 /* ForgotPasswordVC.swift */,
				04BF602029CEFC5700002970 /* PrivacyPolicyVC.swift */,
				04BF601529CEE8B600002970 /* SignupVC.swift */,
			);
			path = Primary;
			sourceTree = "<group>";
		};
		04BF602229CEFCA800002970 /* Language */ = {
			isa = PBXGroup;
			children = (
				04BF602329CEFCA800002970 /* Langauge.swift */,
				04BF602429CEFCA800002970 /* Localizable.strings */,
				04BF602729CEFCA800002970 /* Localizer.swift */,
				04BF602829CEFCA800002970 /* LanguageHalper.swift */,
				04BF602929CEFCA800002970 /* Languages.swift */,
			);
			path = Language;
			sourceTree = "<group>";
		};
		53F72A31BB30E8E48408DE9E /* Pods */ = {
			isa = PBXGroup;
			children = (
				4539E65D957C873AC8A46220 /* Pods-SecretMissionSociety.debug.xcconfig */,
				3F57533B31FF1E268E8CB019 /* Pods-SecretMissionSociety.release.xcconfig */,
			);
			path = Pods;
			sourceTree = "<group>";
		};
		9EAD0483C427F61D066D2D0A /* Frameworks */ = {
			isa = PBXGroup;
			children = (
				96E1EC4738E96CECD3CEF358 /* Pods_SecretMissionSociety.framework */,
			);
			name = Frameworks;
			sourceTree = "<group>";
		};
/* End PBXGroup section */

/* Begin PBXNativeTarget section */
		04BF5F1229CECBF400002970 /* SecretMissionSociety */ = {
			isa = PBXNativeTarget;
			buildConfigurationList = 04BF5F2729CECBF800002970 /* Build configuration list for PBXNativeTarget "SecretMissionSociety" */;
			buildPhases = (
				DE90BEAB855E47F7D309DD14 /* [CP] Check Pods Manifest.lock */,
				04BF5F0F29CECBF400002970 /* Sources */,
				04BF5F1029CECBF400002970 /* Frameworks */,
				04BF5F1129CECBF400002970 /* Resources */,
				018906B01AED3F5A65168B18 /* [CP] Embed Pods Frameworks */,
			);
			buildRules = (
			);
			dependencies = (
			);
			name = SecretMissionSociety;
			productName = SecretMissionSociety;
			productReference = 04BF5F1329CECBF400002970 /* SecretMissionSociety.app */;
			productType = "com.apple.product-type.application";
		};
/* End PBXNativeTarget section */

/* Begin PBXProject section */
		04BF5F0B29CECBF400002970 /* Project object */ = {
			isa = PBXProject;
			attributes = {
				BuildIndependentTargetsInParallel = 1;
				LastSwiftUpdateCheck = 1310;
				LastUpgradeCheck = 1310;
				TargetAttributes = {
					04BF5F1229CECBF400002970 = {
						CreatedOnToolsVersion = 13.1;
					};
				};
			};
			buildConfigurationList = 04BF5F0E29CECBF400002970 /* Build configuration list for PBXProject "SecretMissionSociety" */;
			compatibilityVersion = "Xcode 13.0";
			developmentRegion = en;
			hasScannedForEncodings = 0;
			knownRegions = (
				en,
				Base,
				es,
			);
			mainGroup = 04BF5F0A29CECBF400002970;
			productRefGroup = 04BF5F1429CECBF400002970 /* Products */;
			projectDirPath = "";
			projectRoot = "";
			targets = (
				04BF5F1229CECBF400002970 /* SecretMissionSociety */,
			);
		};
/* End PBXProject section */

/* Begin PBXResourcesBuildPhase section */
		04BF5F1129CECBF400002970 /* Resources */ = {
			isa = PBXResourcesBuildPhase;
			buildActionMask = 2147483647;
			files = (
				04BF5FFE29CEE4B000002970 /* metropolis_light.otf in Resources */,
				04BF5FE829CEE4B000002970 /* RobotoCondensed-Bold.ttf in Resources */,
				04BF5FF429CEE4B000002970 /* Roboto-Italic.ttf in Resources */,
				04BF5FF629CEE4B000002970 /* Roboto-Bold.ttf in Resources */,
				04BF5FEE29CEE4B000002970 /* Apache License.txt in Resources */,
				04BF5FE629CEE4B000002970 /* Roboto-Medium.ttf in Resources */,
				04BF5FF829CEE4B000002970 /* Roboto-Black.ttf in Resources */,
				04BF5FF129CEE4B000002970 /* RobotoCondensed-Regular.ttf in Resources */,
				04BF5FEA29CEE4B000002970 /* Roboto-Regular.ttf in Resources */,
				04BF5FEF29CEE4B000002970 /* RobotoCondensed-LightItalic.ttf in Resources */,
				04BF600529CEE4B000002970 /* inter_bold.ttf in Resources */,
				04BF5F2329CECBF800002970 /* LaunchScreen.storyboard in Resources */,
				04BF5FF529CEE4B000002970 /* Roboto-BlackItalic.ttf in Resources */,
				04BF602B29CEFCA900002970 /* Localizable.strings in Resources */,
				04BF5FF929CEE4B000002970 /* inter_medium.ttf in Resources */,
				04BF5FFD29CEE4B000002970 /* poppins_regular.ttf in Resources */,
				04BF600429CEE4B000002970 /* roboto_regular.ttf in Resources */,
				04BF5FE729CEE4B000002970 /* Roboto-Light.ttf in Resources */,
				04BF5FE929CEE4B000002970 /* RobotoCondensed-Light.ttf in Resources */,
				04BF600129CEE4B000002970 /* inter_regular.ttf in Resources */,
				04BF5F2029CECBF800002970 /* Assets.xcassets in Resources */,
				04BF5FF229CEE4B000002970 /* Roboto-BoldItalic.ttf in Resources */,
				04BF5FFB29CEE4B000002970 /* poppins_medium.ttf in Resources */,
				04BF5FFA29CEE4B000002970 /* metropolis_regular_italic.otf in Resources */,
				04BF5FF729CEE4B000002970 /* Roboto-Thin.ttf in Resources */,
				04BF5FF329CEE4B000002970 /* Roboto-LightItalic.ttf in Resources */,
				04BF600029CEE4B000002970 /* inter_semi_bold.ttf in Resources */,
				04BF600229CEE4B000002970 /* metropolis_bold.otf in Resources */,
				04BF5FED29CEE4B000002970 /* RobotoCondensed-BoldItalic.ttf in Resources */,
				04BF5FF029CEE4B000002970 /* Roboto-ThinItalic.ttf in Resources */,
				04BF5FEB29CEE4B000002970 /* Roboto-MediumItalic.ttf in Resources */,
				04BF600329CEE4B000002970 /* poppins_extra_light.ttf in Resources */,
				04BF5FFC29CEE4B000002970 /* poppins_bold.ttf in Resources */,
				04BF5F1E29CECBF400002970 /* Main.storyboard in Resources */,
				04BF5FFF29CEE4B000002970 /* raleway_light.ttf in Resources */,
				04BF5FEC29CEE4B000002970 /* RobotoCondensed-Italic.ttf in Resources */,
			);
			runOnlyForDeploymentPostprocessing = 0;
		};
/* End PBXResourcesBuildPhase section */

/* Begin PBXShellScriptBuildPhase section */
		018906B01AED3F5A65168B18 /* [CP] Embed Pods Frameworks */ = {
			isa = PBXShellScriptBuildPhase;
			buildActionMask = 2147483647;
			files = (
			);
			inputFileListPaths = (
				"${PODS_ROOT}/Target Support Files/Pods-SecretMissionSociety/Pods-SecretMissionSociety-frameworks-${CONFIGURATION}-input-files.xcfilelist",
			);
			name = "[CP] Embed Pods Frameworks";
			outputFileListPaths = (
				"${PODS_ROOT}/Target Support Files/Pods-SecretMissionSociety/Pods-SecretMissionSociety-frameworks-${CONFIGURATION}-output-files.xcfilelist",
			);
			runOnlyForDeploymentPostprocessing = 0;
			shellPath = /bin/sh;
			shellScript = "\"${PODS_ROOT}/Target Support Files/Pods-SecretMissionSociety/Pods-SecretMissionSociety-frameworks.sh\"\n";
			showEnvVarsInLog = 0;
		};
		DE90BEAB855E47F7D309DD14 /* [CP] Check Pods Manifest.lock */ = {
			isa = PBXShellScriptBuildPhase;
			buildActionMask = 2147483647;
			files = (
			);
			inputFileListPaths = (
			);
			inputPaths = (
				"${PODS_PODFILE_DIR_PATH}/Podfile.lock",
				"${PODS_ROOT}/Manifest.lock",
			);
			name = "[CP] Check Pods Manifest.lock";
			outputFileListPaths = (
			);
			outputPaths = (
				"$(DERIVED_FILE_DIR)/Pods-SecretMissionSociety-checkManifestLockResult.txt",
			);
			runOnlyForDeploymentPostprocessing = 0;
			shellPath = /bin/sh;
			shellScript = "diff \"${PODS_PODFILE_DIR_PATH}/Podfile.lock\" \"${PODS_ROOT}/Manifest.lock\" > /dev/null\nif [ $? != 0 ] ; then\n    # print error to STDERR\n    echo \"error: The sandbox is not in sync with the Podfile.lock. Run 'pod install' or update your CocoaPods installation.\" >&2\n    exit 1\nfi\n# This output is used by Xcode 'outputs' to avoid re-running this script phase.\necho \"SUCCESS\" > \"${SCRIPT_OUTPUT_FILE_0}\"\n";
			showEnvVarsInLog = 0;
		};
/* End PBXShellScriptBuildPhase section */

/* Begin PBXSourcesBuildPhase section */
		04BF5F0F29CECBF400002970 /* Sources */ = {
			isa = PBXSourcesBuildPhase;
			buildActionMask = 2147483647;
			files = (
				04BF600829CEE4B000002970 /* CameraHandler.swift in Sources */,
				04BF602D29CEFCA900002970 /* LanguageHalper.swift in Sources */,
				04F3C3BA29D1A035009AF02F /* JoinedEventVC.swift in Sources */,
				04BF600A29CEE4B000002970 /* Utility.swift in Sources */,
				04BF601C29CEE8B600002970 /* LoginUsreVC.swift in Sources */,
				04BF5FE129CEE4B000002970 /* TagListView.swift in Sources */,
				04BF5FAA29CEE4B000002970 /* Button.swift in Sources */,
				04BF602A29CEFCA900002970 /* Langauge.swift in Sources */,
				04BF5FDE29CEE4B000002970 /* Router.swift in Sources */,
				04A490B029D2BF03002E8D58 /* ChangePassVC.swift in Sources */,
				04BF603029CEFCF900002970 /* Singleton.swift in Sources */,
				047A347829D41FED00DA43E3 /* InstructionVC.swift in Sources */,
				04BF5FDB29CEE4B000002970 /* Messages.swift in Sources */,
				04BF600929CEE4B000002970 /* InternetUtilClass.swift in Sources */,
				04BF5FE029CEE4B000002970 /* TagView.swift in Sources */,
				0484CF0129D71C9C00BDF003 /* InventorylistVC.swift in Sources */,
				04BF5FA729CEE4B000002970 /* View.swift in Sources */,
				04BF5FAB29CEE4B000002970 /* Reachability.m in Sources */,
				04BF600729CEE4B000002970 /* CommunicationManager.swift in Sources */,
				04BF5FE529CEE4B000002970 /* CountryCell.swift in Sources */,
				04A490B429D2FBE9002E8D58 /* CreateTeamVC.swift in Sources */,
				04BF5FDC29CEE4B000002970 /* GlobalConstant.swift in Sources */,
				04F3C3B629D19D66009AF02F /* EventVC.swift in Sources */,
				041B477829D5A50900FC8062 /* AnswerVC.swift in Sources */,
				04BF602C29CEFCA900002970 /* Localizer.swift in Sources */,
				04BF600F29CEE83E00002970 /* AppDelegate.swift in Sources */,
				04BF5FA929CEE4B000002970 /* Extensions.swift in Sources */,
				04BF602E29CEFCA900002970 /* Languages.swift in Sources */,
				047A347A29D4201C00DA43E3 /* VideoPlayerVC.swift in Sources */,
				049F602829CF12CA00E0D073 /* HomeVC.swift in Sources */,
				04BF601F29CEED4000002970 /* ChangeLangugeVC.swift in Sources */,
				04BF5FDF29CEE4B000002970 /* CloseButton.swift in Sources */,
				0484CF0329D71D0E00BDF003 /* FinalPuzzleVC.swift in Sources */,
				04BF600629CEE4B000002970 /* Switcher.swift in Sources */,
				04F3C3BC29D1A05A009AF02F /* AccountlistVC.swift in Sources */,
				040E436829D4495300E1AAC8 /* FlgMaViewVC.swift in Sources */,
				04BF600D29CEE4B000002970 /* LocationReachability.swift in Sources */,
				04F3C3B829D1A014009AF02F /* MaplocationVC.swift in Sources */,
				047A347C29D4298800DA43E3 /* MainInstructionVC.swift in Sources */,
				04A490AE29D2BEEC002E8D58 /* ProfileVC.swift in Sources */,
				04BF600B29CEE4B000002970 /* LocationManager.swift in Sources */,
				04BF602129CEFC5800002970 /* PrivacyPolicyVC.swift in Sources */,
				044DAFC029DB20E4005AADB6 /* InventaryDetailVC.swift in Sources */,
				04BF601B29CEE8B600002970 /* SignupVC.swift in Sources */,
				04A490B229D2BF1A002E8D58 /* ContactVC.swift in Sources */,
				04BF600C29CEE4B000002970 /* DatePickerDialog.swift in Sources */,
				04BF5FE229CEE4B000002970 /* Countries.swift in Sources */,
				04BF601A29CEE8B600002970 /* ForgotPasswordVC.swift in Sources */,
				04BF5FDD29CEE4B000002970 /* CustomPointAnnotation.swift in Sources */,
				04BF5FE429CEE4B000002970 /* Country.swift in Sources */,
				04BF5FA829CEE4B000002970 /* ViewControllerExt.swift in Sources */,
				04F3C3B429D1947E009AF02F /* TabbarVC.swift in Sources */,
				04A27D8429D5CF6800B190A5 /* HIntAnswerVC.swift in Sources */,
				04BF5FE329CEE4B000002970 /* CountryList.swift in Sources */,
			);
			runOnlyForDeploymentPostprocessing = 0;
		};
/* End PBXSourcesBuildPhase section */

/* Begin PBXVariantGroup section */
		04BF5F1C29CECBF400002970 /* Main.storyboard */ = {
			isa = PBXVariantGroup;
			children = (
				04BF5F1D29CECBF400002970 /* Base */,
			);
			name = Main.storyboard;
			sourceTree = "<group>";
		};
		04BF5F2129CECBF800002970 /* LaunchScreen.storyboard */ = {
			isa = PBXVariantGroup;
			children = (
				04BF5F2229CECBF800002970 /* Base */,
			);
			name = LaunchScreen.storyboard;
			sourceTree = "<group>";
		};
		04BF602429CEFCA800002970 /* Localizable.strings */ = {
			isa = PBXVariantGroup;
			children = (
				04BF602529CEFCA800002970 /* en */,
				04BF602629CEFCA800002970 /* es */,
			);
			name = Localizable.strings;
			sourceTree = "<group>";
		};
/* End PBXVariantGroup section */

/* Begin XCBuildConfiguration section */
		04BF5F2529CECBF800002970 /* Debug */ = {
			isa = XCBuildConfiguration;
			buildSettings = {
				ALWAYS_SEARCH_USER_PATHS = NO;
				CLANG_ANALYZER_NONNULL = YES;
				CLANG_ANALYZER_NUMBER_OBJECT_CONVERSION = YES_AGGRESSIVE;
				CLANG_CXX_LANGUAGE_STANDARD = "gnu++17";
				CLANG_CXX_LIBRARY = "libc++";
				CLANG_ENABLE_MODULES = YES;
				CLANG_ENABLE_OBJC_ARC = YES;
				CLANG_ENABLE_OBJC_WEAK = YES;
				CLANG_WARN_BLOCK_CAPTURE_AUTORELEASING = YES;
				CLANG_WARN_BOOL_CONVERSION = YES;
				CLANG_WARN_COMMA = YES;
				CLANG_WARN_CONSTANT_CONVERSION = YES;
				CLANG_WARN_DEPRECATED_OBJC_IMPLEMENTATIONS = YES;
				CLANG_WARN_DIRECT_OBJC_ISA_USAGE = YES_ERROR;
				CLANG_WARN_DOCUMENTATION_COMMENTS = YES;
				CLANG_WARN_EMPTY_BODY = YES;
				CLANG_WARN_ENUM_CONVERSION = YES;
				CLANG_WARN_INFINITE_RECURSION = YES;
				CLANG_WARN_INT_CONVERSION = YES;
				CLANG_WARN_NON_LITERAL_NULL_CONVERSION = YES;
				CLANG_WARN_OBJC_IMPLICIT_RETAIN_SELF = YES;
				CLANG_WARN_OBJC_LITERAL_CONVERSION = YES;
				CLANG_WARN_OBJC_ROOT_CLASS = YES_ERROR;
				CLANG_WARN_QUOTED_INCLUDE_IN_FRAMEWORK_HEADER = YES;
				CLANG_WARN_RANGE_LOOP_ANALYSIS = YES;
				CLANG_WARN_STRICT_PROTOTYPES = YES;
				CLANG_WARN_SUSPICIOUS_MOVE = YES;
				CLANG_WARN_UNGUARDED_AVAILABILITY = YES_AGGRESSIVE;
				CLANG_WARN_UNREACHABLE_CODE = YES;
				CLANG_WARN__DUPLICATE_METHOD_MATCH = YES;
				COPY_PHASE_STRIP = NO;
				DEBUG_INFORMATION_FORMAT = dwarf;
				ENABLE_STRICT_OBJC_MSGSEND = YES;
				ENABLE_TESTABILITY = YES;
				GCC_C_LANGUAGE_STANDARD = gnu11;
				GCC_DYNAMIC_NO_PIC = NO;
				GCC_NO_COMMON_BLOCKS = YES;
				GCC_OPTIMIZATION_LEVEL = 0;
				GCC_PREPROCESSOR_DEFINITIONS = (
					"DEBUG=1",
					"$(inherited)",
				);
				GCC_WARN_64_TO_32_BIT_CONVERSION = YES;
				GCC_WARN_ABOUT_RETURN_TYPE = YES_ERROR;
				GCC_WARN_UNDECLARED_SELECTOR = YES;
				GCC_WARN_UNINITIALIZED_AUTOS = YES_AGGRESSIVE;
				GCC_WARN_UNUSED_FUNCTION = YES;
				GCC_WARN_UNUSED_VARIABLE = YES;
				IPHONEOS_DEPLOYMENT_TARGET = 15.0;
				MTL_ENABLE_DEBUG_INFO = INCLUDE_SOURCE;
				MTL_FAST_MATH = YES;
				ONLY_ACTIVE_ARCH = YES;
				SDKROOT = iphoneos;
				SWIFT_ACTIVE_COMPILATION_CONDITIONS = DEBUG;
				SWIFT_OPTIMIZATION_LEVEL = "-Onone";
			};
			name = Debug;
		};
		04BF5F2629CECBF800002970 /* Release */ = {
			isa = XCBuildConfiguration;
			buildSettings = {
				ALWAYS_SEARCH_USER_PATHS = NO;
				CLANG_ANALYZER_NONNULL = YES;
				CLANG_ANALYZER_NUMBER_OBJECT_CONVERSION = YES_AGGRESSIVE;
				CLANG_CXX_LANGUAGE_STANDARD = "gnu++17";
				CLANG_CXX_LIBRARY = "libc++";
				CLANG_ENABLE_MODULES = YES;
				CLANG_ENABLE_OBJC_ARC = YES;
				CLANG_ENABLE_OBJC_WEAK = YES;
				CLANG_WARN_BLOCK_CAPTURE_AUTORELEASING = YES;
				CLANG_WARN_BOOL_CONVERSION = YES;
				CLANG_WARN_COMMA = YES;
				CLANG_WARN_CONSTANT_CONVERSION = YES;
				CLANG_WARN_DEPRECATED_OBJC_IMPLEMENTATIONS = YES;
				CLANG_WARN_DIRECT_OBJC_ISA_USAGE = YES_ERROR;
				CLANG_WARN_DOCUMENTATION_COMMENTS = YES;
				CLANG_WARN_EMPTY_BODY = YES;
				CLANG_WARN_ENUM_CONVERSION = YES;
				CLANG_WARN_INFINITE_RECURSION = YES;
				CLANG_WARN_INT_CONVERSION = YES;
				CLANG_WARN_NON_LITERAL_NULL_CONVERSION = YES;
				CLANG_WARN_OBJC_IMPLICIT_RETAIN_SELF = YES;
				CLANG_WARN_OBJC_LITERAL_CONVERSION = YES;
				CLANG_WARN_OBJC_ROOT_CLASS = YES_ERROR;
				CLANG_WARN_QUOTED_INCLUDE_IN_FRAMEWORK_HEADER = YES;
				CLANG_WARN_RANGE_LOOP_ANALYSIS = YES;
				CLANG_WARN_STRICT_PROTOTYPES = YES;
				CLANG_WARN_SUSPICIOUS_MOVE = YES;
				CLANG_WARN_UNGUARDED_AVAILABILITY = YES_AGGRESSIVE;
				CLANG_WARN_UNREACHABLE_CODE = YES;
				CLANG_WARN__DUPLICATE_METHOD_MATCH = YES;
				COPY_PHASE_STRIP = NO;
				DEBUG_INFORMATION_FORMAT = "dwarf-with-dsym";
				ENABLE_NS_ASSERTIONS = NO;
				ENABLE_STRICT_OBJC_MSGSEND = YES;
				GCC_C_LANGUAGE_STANDARD = gnu11;
				GCC_NO_COMMON_BLOCKS = YES;
				GCC_WARN_64_TO_32_BIT_CONVERSION = YES;
				GCC_WARN_ABOUT_RETURN_TYPE = YES_ERROR;
				GCC_WARN_UNDECLARED_SELECTOR = YES;
				GCC_WARN_UNINITIALIZED_AUTOS = YES_AGGRESSIVE;
				GCC_WARN_UNUSED_FUNCTION = YES;
				GCC_WARN_UNUSED_VARIABLE = YES;
				IPHONEOS_DEPLOYMENT_TARGET = 15.0;
				MTL_ENABLE_DEBUG_INFO = NO;
				MTL_FAST_MATH = YES;
				SDKROOT = iphoneos;
				SWIFT_COMPILATION_MODE = wholemodule;
				SWIFT_OPTIMIZATION_LEVEL = "-O";
				VALIDATE_PRODUCT = YES;
			};
			name = Release;
		};
		04BF5F2829CECBF800002970 /* Debug */ = {
			isa = XCBuildConfiguration;
			baseConfigurationReference = 4539E65D957C873AC8A46220 /* Pods-SecretMissionSociety.debug.xcconfig */;
			buildSettings = {
				ASSETCATALOG_COMPILER_APPICON_NAME = AppIcon;
				ASSETCATALOG_COMPILER_GLOBAL_ACCENT_COLOR_NAME = AccentColor;
				CODE_SIGN_STYLE = Automatic;
				CURRENT_PROJECT_VERSION = 1;
				GENERATE_INFOPLIST_FILE = YES;
				INFOPLIST_FILE = SecretMissionSociety/Info.plist;
				INFOPLIST_KEY_NSCameraUsageDescription = "App want use Camera for uplaod profile picture.";
				INFOPLIST_KEY_NSLocationAlwaysAndWhenInUseUsageDescription = "App want use your location for add new add post as your suitable address. User can find according to address of post location.";
				INFOPLIST_KEY_NSLocationWhenInUseUsageDescription = "App want use your location for add new add post as your suitable address. User can find according to address of post location.";
				INFOPLIST_KEY_NSMicrophoneUsageDescription = "App want use microphone permission is needed to to receive voice commands.";
				INFOPLIST_KEY_NSPhotoLibraryUsageDescription = "App want use Gallery for uplaod profile picture.";
				INFOPLIST_KEY_UIApplicationSupportsIndirectInputEvents = YES;
				INFOPLIST_KEY_UILaunchStoryboardName = LaunchScreen;
				INFOPLIST_KEY_UIMainStoryboardFile = Main;
				INFOPLIST_KEY_UIRequiredDeviceCapabilities = armv7;
				INFOPLIST_KEY_UISupportedInterfaceOrientations = UIInterfaceOrientationPortrait;
				INFOPLIST_KEY_UISupportedInterfaceOrientations_iPad = "UIInterfaceOrientationPortrait UIInterfaceOrientationPortraitUpsideDown UIInterfaceOrientationLandscapeLeft UIInterfaceOrientationLandscapeRight";
				INFOPLIST_KEY_UISupportedInterfaceOrientations_iPhone = "UIInterfaceOrientationPortrait UIInterfaceOrientationLandscapeLeft UIInterfaceOrientationLandscapeRight";
				INFOPLIST_KEY_UIUserInterfaceStyle = Light;
				IPHONEOS_DEPLOYMENT_TARGET = 13.0;
				LD_RUNPATH_SEARCH_PATHS = (
					"$(inherited)",
					"@executable_path/Frameworks",
				);
				MARKETING_VERSION = 1.0;
				PRODUCT_BUNDLE_IDENTIFIER = Gajen.SecretMissionSociety;
				PRODUCT_NAME = "$(TARGET_NAME)";
				SWIFT_EMIT_LOC_STRINGS = YES;
				SWIFT_OBJC_BRIDGING_HEADER = "/Users/mac/Desktop/SecretMission/SecretMissionSociety/SecretMissionSociety/SecretMissionSociety-Bridging-Header.h";
				SWIFT_VERSION = 5.0;
				TARGETED_DEVICE_FAMILY = 1;
			};
			name = Debug;
		};
		04BF5F2929CECBF800002970 /* Release */ = {
			isa = XCBuildConfiguration;
			baseConfigurationReference = 3F57533B31FF1E268E8CB019 /* Pods-SecretMissionSociety.release.xcconfig */;
			buildSettings = {
				ASSETCATALOG_COMPILER_APPICON_NAME = AppIcon;
				ASSETCATALOG_COMPILER_GLOBAL_ACCENT_COLOR_NAME = AccentColor;
				CODE_SIGN_STYLE = Automatic;
				CURRENT_PROJECT_VERSION = 1;
				GENERATE_INFOPLIST_FILE = YES;
				INFOPLIST_FILE = SecretMissionSociety/Info.plist;
				INFOPLIST_KEY_NSCameraUsageDescription = "App want use Camera for uplaod profile picture.";
				INFOPLIST_KEY_NSLocationAlwaysAndWhenInUseUsageDescription = "App want use your location for add new add post as your suitable address. User can find according to address of post location.";
				INFOPLIST_KEY_NSLocationWhenInUseUsageDescription = "App want use your location for add new add post as your suitable address. User can find according to address of post location.";
				INFOPLIST_KEY_NSMicrophoneUsageDescription = "App want use microphone permission is needed to to receive voice commands.";
				INFOPLIST_KEY_NSPhotoLibraryUsageDescription = "App want use Gallery for uplaod profile picture.";
				INFOPLIST_KEY_UIApplicationSupportsIndirectInputEvents = YES;
				INFOPLIST_KEY_UILaunchStoryboardName = LaunchScreen;
				INFOPLIST_KEY_UIMainStoryboardFile = Main;
				INFOPLIST_KEY_UIRequiredDeviceCapabilities = armv7;
				INFOPLIST_KEY_UISupportedInterfaceOrientations = UIInterfaceOrientationPortrait;
				INFOPLIST_KEY_UISupportedInterfaceOrientations_iPad = "UIInterfaceOrientationPortrait UIInterfaceOrientationPortraitUpsideDown UIInterfaceOrientationLandscapeLeft UIInterfaceOrientationLandscapeRight";
				INFOPLIST_KEY_UISupportedInterfaceOrientations_iPhone = "UIInterfaceOrientationPortrait UIInterfaceOrientationLandscapeLeft UIInterfaceOrientationLandscapeRight";
				INFOPLIST_KEY_UIUserInterfaceStyle = Light;
				IPHONEOS_DEPLOYMENT_TARGET = 13.0;
				LD_RUNPATH_SEARCH_PATHS = (
					"$(inherited)",
					"@executable_path/Frameworks",
				);
				MARKETING_VERSION = 1.0;
				PRODUCT_BUNDLE_IDENTIFIER = Gajen.SecretMissionSociety;
				PRODUCT_NAME = "$(TARGET_NAME)";
				SWIFT_EMIT_LOC_STRINGS = YES;
				SWIFT_OBJC_BRIDGING_HEADER = "/Users/mac/Desktop/SecretMission/SecretMissionSociety/SecretMissionSociety/SecretMissionSociety-Bridging-Header.h";
				SWIFT_VERSION = 5.0;
				TARGETED_DEVICE_FAMILY = 1;
			};
			name = Release;
		};
/* End XCBuildConfiguration section */

/* Begin XCConfigurationList section */
		04BF5F0E29CECBF400002970 /* Build configuration list for PBXProject "SecretMissionSociety" */ = {
			isa = XCConfigurationList;
			buildConfigurations = (
				04BF5F2529CECBF800002970 /* Debug */,
				04BF5F2629CECBF800002970 /* Release */,
			);
			defaultConfigurationIsVisible = 0;
			defaultConfigurationName = Release;
		};
		04BF5F2729CECBF800002970 /* Build configuration list for PBXNativeTarget "SecretMissionSociety" */ = {
			isa = XCConfigurationList;
			buildConfigurations = (
				04BF5F2829CECBF800002970 /* Debug */,
				04BF5F2929CECBF800002970 /* Release */,
			);
			defaultConfigurationIsVisible = 0;
			defaultConfigurationName = Release;
		};
/* End XCConfigurationList section */
	};
	rootObject = 04BF5F0B29CECBF400002970 /* Project object */;
}
